
Microsoft Visual Studio Solution File, Format Version 12.00
# Visual Studio Version 17
VisualStudioVersion = 17.7.34003.232
MinimumVisualStudioVersion = 10.0.40219.1
Project("{FAE04EC0-301F-11D3-BF4B-00C04F79EFBC}") = "Examen", "Examen.csproj", "{7844511A-4A9C-46B3-9035-5ACEAD6045DA}"
EndProject
Global
	GlobalSection(SolutionConfigurationPlatforms) = preSolution
		Debug|Any CPU = Debug|Any CPU
		Release|Any CPU = Release|Any CPU
	EndGlobalSection
	GlobalSection(ProjectConfigurationPlatforms) = postSolution
		{7844511A-4A9C-46B3-9035-5ACEAD6045DA}.Debug|Any CPU.ActiveCfg = Debug|Any CPU
		{7844511A-4A9C-46B3-9035-5ACEAD6045DA}.Debug|Any CPU.Build.0 = Debug|Any CPU
		{7844511A-4A9C-46B3-9035-5ACEAD6045DA}.Release|Any CPU.ActiveCfg = Release|Any CPU
		{7844511A-4A9C-46B3-9035-5ACEAD6045DA}.Release|Any CPU.Build.0 = Release|Any CPU
	EndGlobalSection
	GlobalSection(SolutionProperties) = preSolution
		HideSolutionNode = FALSE
	EndGlobalSection
	GlobalSection(ExtensibilityGlobals) = postSolution
		SolutionGuid = {54300C37-3657-4255-A102-24E9E2765EE0}
	EndGlobalSection
EndGlobal
